// !$*UTF8*$!
{
	archiveVersion = 1;
	classes = {
	};
	objectVersion = 50;
	objects = {

/* Begin PBXBuildFile section */
		2EFDD7B421C05BF800F67B48 /* AppDelegate.swift in Sources */ = {isa = PBXBuildFile; fileRef = 2EFDD7B321C05BF800F67B48 /* AppDelegate.swift */; };
		2EFDD7B621C05BF800F67B48 /* ViewController.swift in Sources */ = {isa = PBXBuildFile; fileRef = 2EFDD7B521C05BF800F67B48 /* ViewController.swift */; };
		2EFDD7B921C05BF800F67B48 /* Main.storyboard in Resources */ = {isa = PBXBuildFile; fileRef = 2EFDD7B721C05BF800F67B48 /* Main.storyboard */; };
		2EFDD7BB21C05BFB00F67B48 /* Assets.xcassets in Resources */ = {isa = PBXBuildFile; fileRef = 2EFDD7BA21C05BFB00F67B48 /* Assets.xcassets */; };
		2EFDD7BE21C05BFB00F67B48 /* LaunchScreen.storyboard in Resources */ = {isa = PBXBuildFile; fileRef = 2EFDD7BC21C05BFB00F67B48 /* LaunchScreen.storyboard */; };
/* End PBXBuildFile section */

/* Begin PBXFileReference section */
		2EFDD7B021C05BF800F67B48 /* The Ultimate Baldi.app */ = {isa = PBXFileReference; explicitFileType = wrapper.application; includeInIndex = 0; path = "The Ultimate Baldi.app"; sourceTree = BUILT_PRODUCTS_DIR; };
		2EFDD7B321C05BF800F67B48 /* AppDelegate.swift */ = {isa = PBXFileReference; lastKnownFileType = sourcecode.swift; path = AppDelegate.swift; sourceTree = "<group>"; };
		2EFDD7B521C05BF800F67B48 /* ViewController.swift */ = {isa = PBXFileReference; lastKnownFileType = sourcecode.swift; path = ViewController.swift; sourceTree = "<group>"; };
		2EFDD7B821C05BF800F67B48 /* Base */ = {isa = PBXFileReference; lastKnownFileType = file.storyboard; name = Base; path = Base.lproj/Main.storyboard; sourceTree = "<group>"; };
		2EFDD7BA21C05BFB00F67B48 /* Assets.xcassets */ = {isa = PBXFileReference; lastKnownFileType = folder.assetcatalog; path = Assets.xcassets; sourceTree = "<group>"; };
		2EFDD7BD21C05BFB00F67B48 /* Base */ = {isa = PBXFileReference; lastKnownFileType = file.storyboard; name = Base; path = Base.lproj/LaunchScreen.storyboard; sourceTree = "<group>"; };
		2EFDD7BF21C05BFB00F67B48 /* Info.plist */ = {isa = PBXFileReference; lastKnownFileType = text.plist.xml; path = Info.plist; sourceTree = "<group>"; };
/* End PBXFileReference section */

/* Begin PBXFrameworksBuildPhase section */
		2EFDD7AD21C05BF800F67B48 /* Frameworks */ = {
			isa = PBXFrameworksBuildPhase;
			buildActionMask = 2147483647;
			files = (
			);
			runOnlyForDeploymentPostprocessing = 0;
		};
/* End PBXFrameworksBuildPhase section */

/* Begin PBXGroup section */
		2EFDD7A721C05BF800F67B48 = {
			isa = PBXGroup;
			children = (
				2EFDD7B221C05BF800F67B48 /* The Ultimate Baldi */,
				2EFDD7B121C05BF800F67B48 /* Products */,
			);
			sourceTree = "<group>";
		};
		2EFDD7B121C05BF800F67B48 /* Products */ = {
			isa = PBXGroup;
			children = (
				2EFDD7B021C05BF800F67B48 /* The Ultimate Baldi.app */,
			);
			name = Products;
			sourceTree = "<group>";
		};
		2EFDD7B221C05BF800F67B48 /* The Ultimate Baldi */ = {
			isa = PBXGroup;
			children = (
				2EFDD7B321C05BF800F67B48 /* AppDelegate.swift */,
				2EFDD7B521C05BF800F67B48 /* ViewController.swift */,
				2EFDD7B721C05BF800F67B48 /* Main.storyboard */,
				2EFDD7BA21C05BFB00F67B48 /* Assets.xcassets */,
				2EFDD7BC21C05BFB00F67B48 /* LaunchScreen.storyboard */,
				2EFDD7BF21C05BFB00F67B48 /* Info.plist */,
			);
			path = "The Ultimate Baldi";
			sourceTree = "<group>";
		};
/* End PBXGroup section */

/* Begin PBXNativeTarget section */
		2EFDD7AF21C05BF800F67B48 /* The Ultimate Baldi */ = {
			isa = PBXNativeTarget;
			buildConfigurationList = 2EFDD7C221C05BFB00F67B48 /* Build configuration list for PBXNativeTarget "The Ultimate Baldi" */;
			buildPhases = (
				2EFDD7AC21C05BF800F67B48 /* Sources */,
				2EFDD7AD21C05BF800F67B48 /* Frameworks */,
				2EFDD7AE21C05BF800F67B48 /* Resources */,
			);
			buildRules = (
			);
			dependencies = (
			);
			name = "The Ultimate Baldi";
			productName = "The Ultimate Baldi";
			productReference = 2EFDD7B021C05BF800F67B48 /* The Ultimate Baldi.app */;
			productType = "com.apple.product-type.application";
		};
/* End PBXNativeTarget section */

/* Begin PBXProject section */
		2EFDD7A821C05BF800F67B48 /* Project object */ = {
			isa = PBXProject;
			attributes = {
				LastSwiftUpdateCheck = 1010;
				LastUpgradeCheck = 1010;
				ORGANIZATIONNAME = "Kyle Chung";
				TargetAttributes = {
					2EFDD7AF21C05BF800F67B48 = {
						CreatedOnToolsVersion = 10.1;
					};
				};
			};
			buildConfigurationList = 2EFDD7AB21C05BF800F67B48 /* Build configuration list for PBXProject "The Ultimate Baldi" */;
			compatibilityVersion = "Xcode 9.3";
			developmentRegion = en;
			hasScannedForEncodings = 0;
			knownRegions = (
				en,
				Base,
			);
			mainGroup = 2EFDD7A721C05BF800F67B48;
			productRefGroup = 2EFDD7B121C05BF800F67B48 /* Products */;
			projectDirPath = "";
			projectRoot = "";
			targets = (
				2EFDD7AF21C05BF800F67B48 /* The Ultimate Baldi */,
			);
		};
/* End PBXProject section */

/* Begin PBXResourcesBuildPhase section */
		2EFDD7AE21C05BF800F67B48 /* Resources */ = {
			isa = PBXResourcesBuildPhase;
			buildActionMask = 2147483647;
			files = (
				2EFDD7BE21C05BFB00F67B48 /* LaunchScreen.storyboard in Resources */,
				2EFDD7BB21C05BFB00F67B48 /* Assets.xcassets in Resources */,
				2EFDD7B921C05BF800F67B48 /* Main.storyboard in Resources */,
			);
			runOnlyForDeploymentPostprocessing = 0;
		};
/* End PBXResourcesBuildPhase section */

/* Begin PBXSourcesBuildPhase section */
		2EFDD7AC21C05BF800F67B48 /* Sources */ = {
			isa = PBXSourcesBuildPhase;
			buildActionMask = 2147483647;
			files = (
				2EFDD7B621C05BF800F67B48 /* ViewController.swift in Sources */,
				2EFDD7B421C05BF800F67B48 /* AppDelegate.swift in Sources */,
			);
			runOnlyForDeploymentPostprocessing = 0;
		};
/* End PBXSourcesBuildPhase section */

/* Begin PBXVariantGroup section */
		2EFDD7B721C05BF800F67B48 /* Main.storyboard */ = {
			isa = PBXVariantGroup;
			children = (
				2EFDD7B821C05BF800F67B48 /* Base */,
			);
			name = Main.storyboard;
			sourceTree = "<group>";
		};
		2EFDD7BC21C05BFB00F67B48 /* LaunchScreen.storyboard */ = {
			isa = PBXVariantGroup;
			children = (
				2EFDD7BD21C05BFB00F67B48 /* Base */,
			);
			name = LaunchScreen.storyboard;
			sourceTree = "<group>";
		};
/* End PBXVariantGroup section */

/* Begin XCBuildConfiguration section */
		2EFDD7C021C05BFB00F67B48 /* Debug */ = {
			isa = XCBuildConfiguration;
			buildSettings = {
				ALWAYS_SEARCH_USER_PATHS = NO;
				CLANG_ANALYZER_NONNULL = YES;
				CLANG_ANALYZER_NUMBER_OBJECT_CONVERSION = YES_AGGRESSIVE;
				CLANG_CXX_LANGUAGE_STANDARD = "gnu++14";
				CLANG_CXX_LIBRARY = "libc++";
				CLANG_ENABLE_MODULES = YES;
				CLANG_ENABLE_OBJC_ARC = YES;
				CLANG_ENABLE_OBJC_WEAK = YES;
				CLANG_WARN_BLOCK_CAPTURE_AUTORELEASING = YES;
				CLANG_WARN_BOOL_CONVERSION = YES;
				CLANG_WARN_COMMA = YES;
				CLANG_WARN_CONSTANT_CONVERSION = YES;
				CLANG_WARN_DEPRECATED_OBJC_IMPLEMENTATIONS = YES;
				CLANG_WARN_DIRECT_OBJC_ISA_USAGE = YES_ERROR;
				CLANG_WARN_DOCUMENTATION_COMMENTS = YES;
				CLANG_WARN_EMPTY_BODY = YES;
				CLANG_WARN_ENUM_CONVERSION = YES;
				CLANG_WARN_INFINITE_RECURSION = YES;
				CLANG_WARN_INT_CONVERSION = YES;
				CLANG_WARN_NON_LITERAL_NULL_CONVERSION = YES;
				CLANG_WARN_OBJC_IMPLICIT_RETAIN_SELF = YES;
				CLANG_WARN_OBJC_LITERAL_CONVERSION = YES;
				CLANG_WARN_OBJC_ROOT_CLASS = YES_ERROR;
				CLANG_WARN_RANGE_LOOP_ANALYSIS = YES;
				CLANG_WARN_STRICT_PROTOTYPES = YES;
				CLANG_WARN_SUSPICIOUS_MOVE = YES;
				CLANG_WARN_UNGUARDED_AVAILABILITY = YES_AGGRESSIVE;
				CLANG_WARN_UNREACHABLE_CODE = YES;
				CLANG_WARN__DUPLICATE_METHOD_MATCH = YES;
				CODE_SIGN_IDENTITY = "iPhone Developer";
				COPY_PHASE_STRIP = NO;
				DEBUG_INFORMATION_FORMAT = dwarf;
				ENABLE_STRICT_OBJC_MSGSEND = YES;
				ENABLE_TESTABILITY = YES;
				GCC_C_LANGUAGE_STANDARD = gnu11;
				GCC_DYNAMIC_NO_PIC = NO;
				GCC_NO_COMMON_BLOCKS = YES;
				GCC_OPTIMIZATION_LEVEL = 0;
				GCC_PREPROCESSOR_DEFINITIONS = (
					"DEBUG=1",
					"$(inherited)",
				);
				GCC_WARN_64_TO_32_BIT_CONVERSION = YES;
				GCC_WARN_ABOUT_RETURN_TYPE = YES_ERROR;
				GCC_WARN_UNDECLARED_SELECTOR = YES;
				GCC_WARN_UNINITIALIZED_AUTOS = YES_AGGRESSIVE;
				GCC_WARN_UNUSED_FUNCTION = YES;
				GCC_WARN_UNUSED_VARIABLE = YES;
				IPHONEOS_DEPLOYMENT_TARGET = 12.1;
				MTL_ENABLE_DEBUG_INFO = INCLUDE_SOURCE;
				MTL_FAST_MATH = YES;
				ONLY_ACTIVE_ARCH = YES;
				SDKROOT = iphoneos;
				SWIFT_ACTIVE_COMPILATION_CONDITIONS = DEBUG;
				SWIFT_OPTIMIZATION_LEVEL = "-Onone";
			};
			name = Debug;
		};
		2EFDD7C121C05BFB00F67B48 /* Release */ = {
			isa = XCBuildConfiguration;
			buildSettings = {
				ALWAYS_SEARCH_USER_PATHS = NO;
				CLANG_ANALYZER_NONNULL = YES;
				CLANG_ANALYZER_NUMBER_OBJECT_CONVERSION = YES_AGGRESSIVE;
				CLANG_CXX_LANGUAGE_STANDARD = "gnu++14";
				CLANG_CXX_LIBRARY = "libc++";
				CLANG_ENABLE_MODULES = YES;
				CLANG_ENABLE_OBJC_ARC = YES;
				CLANG_ENABLE_OBJC_WEAK = YES;
				CLANG_WARN_BLOCK_CAPTURE_AUTORELEASING = YES;
				CLANG_WARN_BOOL_CONVERSION = YES;
				CLANG_WARN_COMMA = YES;
				CLANG_WARN_CONSTANT_CONVERSION = YES;
				CLANG_WARN_DEPRECATED_OBJC_IMPLEMENTATIONS = YES;
				CLANG_WARN_DIRECT_OBJC_ISA_USAGE = YES_ERROR;
				CLANG_WARN_DOCUMENTATION_COMMENTS = YES;
				CLANG_WARN_EMPTY_BODY = YES;
				CLANG_WARN_ENUM_CONVERSION = YES;
				CLANG_WARN_INFINITE_RECURSION = YES;
				CLANG_WARN_INT_CONVERSION = YES;
				CLANG_WARN_NON_LITERAL_NULL_CONVERSION = YES;
				CLANG_WARN_OBJC_IMPLICIT_RETAIN_SELF = YES;
				CLANG_WARN_OBJC_LITERAL_CONVERSION = YES;
				CLANG_WARN_OBJC_ROOT_CLASS = YES_ERROR;
				CLANG_WARN_RANGE_LOOP_ANALYSIS = YES;
				CLANG_WARN_STRICT_PROTOTYPES = YES;
				CLANG_WARN_SUSPICIOUS_MOVE = YES;
				CLANG_WARN_UNGUARDED_AVAILABILITY = YES_AGGRESSIVE;
				CLANG_WARN_UNREACHABLE_CODE = YES;
				CLANG_WARN__DUPLICATE_METHOD_MATCH = YES;
				CODE_SIGN_IDENTITY = "iPhone Developer";
				COPY_PHASE_STRIP = NO;
				DEBUG_INFORMATION_FORMAT = "dwarf-with-dsym";
				ENABLE_NS_ASSERTIONS = NO;
				ENABLE_STRICT_OBJC_MSGSEND = YES;
				GCC_C_LANGUAGE_STANDARD = gnu11;
				GCC_NO_COMMON_BLOCKS = YES;
				GCC_WARN_64_TO_32_BIT_CONVERSION = YES;
				GCC_WARN_ABOUT_RETURN_TYPE = YES_ERROR;
				GCC_WARN_UNDECLARED_SELECTOR = YES;
				GCC_WARN_UNINITIALIZED_AUTOS = YES_AGGRESSIVE;
				GCC_WARN_UNUSED_FUNCTION = YES;
				GCC_WARN_UNUSED_VARIABLE = YES;
				IPHONEOS_DEPLOYMENT_TARGET = 12.1;
				MTL_ENABLE_DEBUG_INFO = NO;
				MTL_FAST_MATH = YES;
				SDKROOT = iphoneos;
				SWIFT_COMPILATION_MODE = wholemodule;
				SWIFT_OPTIMIZATION_LEVEL = "-O";
				VALIDATE_PRODUCT = YES;
			};
			name = Release;
		};
		2EFDD7C321C05BFB00F67B48 /* Debug */ = {
			isa = XCBuildConfiguration;
			buildSettings = {
				ASSETCATALOG_COMPILER_APPICON_NAME = AppIcon;
				CODE_SIGN_STYLE = Automatic;
				DEVELOPMENT_TEAM = U6BF7MZGAA;
				INFOPLIST_FILE = "The Ultimate Baldi/Info.plist";
				LD_RUNPATH_SEARCH_PATHS = (
					"$(inherited)",
					"@executable_path/Frameworks",
				);
				PRODUCT_BUNDLE_IDENTIFIER = "org.d214.jhhs.621068.The-Ultimate-Baldi";
				PRODUCT_NAME = "$(TARGET_NAME)";
				SWIFT_VERSION = 4.2;
				TARGETED_DEVICE_FAMILY = "1,2";
			};
			name = Debug;
		};
		2EFDD7C421C05BFB00F67B48 /* Release */ = {
			isa = XCBuildConfiguration;
			buildSettings = {
				ASSETCATALOG_COMPILER_APPICON_NAME = AppIcon;
				CODE_SIGN_STYLE = Automatic;
				DEVELOPMENT_TEAM = U6BF7MZGAA;
				INFOPLIST_FILE = "The Ultimate Baldi/Info.plist";
				LD_RUNPATH_SEARCH_PATHS = (
					"$(inherited)",
					"@executable_path/Frameworks",
				);
				PRODUCT_BUNDLE_IDENTIFIER = "org.d214.jhhs.621068.The-Ultimate-Baldi";
				PRODUCT_NAME = "$(TARGET_NAME)";
				SWIFT_VERSION = 4.2;
				TARGETED_DEVICE_FAMILY = "1,2";
			};
			name = Release;
		};
/* End XCBuildConfiguration section */

/* Begin XCConfigurationList section */
		2EFDD7AB21C05BF800F67B48 /* Build configuration list for PBXProject "The Ultimate Baldi" */ = {
			isa = XCConfigurationList;
			buildConfigurations = (
				2EFDD7C021C05BFB00F67B48 /* Debug */,
				2EFDD7C121C05BFB00F67B48 /* Release */,
			);
			defaultConfigurationIsVisible = 0;
			defaultConfigurationName = Release;
		};
		2EFDD7C221C05BFB00F67B48 /* Build configuration list for PBXNativeTarget "The Ultimate Baldi" */ = {
			isa = XCConfigurationList;
			buildConfigurations = (
				2EFDD7C321C05BFB00F67B48 /* Debug */,
				2EFDD7C421C05BFB00F67B48 /* Release */,
			);
			defaultConfigurationIsVisible = 0;
			defaultConfigurationName = Release;
		};
/* End XCConfigurationList section */
	};
	rootObject = 2EFDD7A821C05BF800F67B48 /* Project object */;
}
